// !$*UTF8*$!
{
	archiveVersion = 1;
	classes = {
	};
	objectVersion = 77;
	objects = {

/* Begin PBXBuildFile section */
		8416E1F42DB2DD3000BB2DCA /* FirebaseAnalytics in Frameworks */ = {isa = PBXBuildFile; productRef = 8416E1F32DB2DD3000BB2DCA /* FirebaseAnalytics */; };
		8416E1F62DB2DD3000BB2DCA /* FirebaseAuth in Frameworks */ = {isa = PBXBuildFile; productRef = 8416E1F52DB2DD3000BB2DCA /* FirebaseAuth */; };
		8416E1F82DB2DD3000BB2DCA /* FirebaseFirestore in Frameworks */ = {isa = PBXBuildFile; productRef = 8416E1F72DB2DD3000BB2DCA /* FirebaseFirestore */; };
		8416E1FA2DB2DD3000BB2DCA /* FirebaseStorage in Frameworks */ = {isa = PBXBuildFile; productRef = 8416E1F92DB2DD3000BB2DCA /* FirebaseStorage */; };
		845D631A2DB3610700E138B7 /* hello.swift in Sources */ = {isa = PBXBuildFile; fileRef = 845D63192DB3610600E138B7 /* hello.swift */; };
/* End PBXBuildFile section */

/* Begin PBXContainerItemProxy section */
		8416E1D42DB2DB0500BB2DCA /* PBXContainerItemProxy */ = {
			isa = PBXContainerItemProxy;
			containerPortal = 8416E1BD2DB2DB0300BB2DCA /* Project object */;
			proxyType = 1;
			remoteGlobalIDString = 8416E1C42DB2DB0300BB2DCA;
			remoteInfo = workouttracker;
		};
		8416E1DE2DB2DB0500BB2DCA /* PBXContainerItemProxy */ = {
			isa = PBXContainerItemProxy;
			containerPortal = 8416E1BD2DB2DB0300BB2DCA /* Project object */;
			proxyType = 1;
			remoteGlobalIDString = 8416E1C42DB2DB0300BB2DCA;
			remoteInfo = workouttracker;
		};
/* End PBXContainerItemProxy section */

/* Begin PBXFileReference section */
		8416E1C52DB2DB0300BB2DCA /* workouttracker.app */ = {isa = PBXFileReference; explicitFileType = wrapper.application; includeInIndex = 0; path = workouttracker.app; sourceTree = BUILT_PRODUCTS_DIR; };
		8416E1D32DB2DB0500BB2DCA /* workouttrackerTests.xctest */ = {isa = PBXFileReference; explicitFileType = wrapper.cfbundle; includeInIndex = 0; path = workouttrackerTests.xctest; sourceTree = BUILT_PRODUCTS_DIR; };
		8416E1DD2DB2DB0500BB2DCA /* workouttrackerUITests.xctest */ = {isa = PBXFileReference; explicitFileType = wrapper.cfbundle; includeInIndex = 0; path = workouttrackerUITests.xctest; sourceTree = BUILT_PRODUCTS_DIR; };
		845D63192DB3610600E138B7 /* hello.swift */ = {isa = PBXFileReference; lastKnownFileType = sourcecode.swift; path = hello.swift; sourceTree = "<group>"; };
/* End PBXFileReference section */

/* Begin PBXFileSystemSynchronizedRootGroup section */
		8416E1C72DB2DB0300BB2DCA /* workouttracker */ = {
			isa = PBXFileSystemSynchronizedRootGroup;
			path = workouttracker;
			sourceTree = "<group>";
		};
		8416E1D62DB2DB0500BB2DCA /* workouttrackerTests */ = {
			isa = PBXFileSystemSynchronizedRootGroup;
			path = workouttrackerTests;
			sourceTree = "<group>";
		};
		8416E1E02DB2DB0500BB2DCA /* workouttrackerUITests */ = {
			isa = PBXFileSystemSynchronizedRootGroup;
			path = workouttrackerUITests;
			sourceTree = "<group>";
		};
/* End PBXFileSystemSynchronizedRootGroup section */

/* Begin PBXFrameworksBuildPhase section */
		8416E1C22DB2DB0300BB2DCA /* Frameworks */ = {
			isa = PBXFrameworksBuildPhase;
			buildActionMask = 2147483647;
			files = (
				8416E1F42DB2DD3000BB2DCA /* FirebaseAnalytics in Frameworks */,
				8416E1FA2DB2DD3000BB2DCA /* FirebaseStorage in Frameworks */,
				8416E1F62DB2DD3000BB2DCA /* FirebaseAuth in Frameworks */,
				8416E1F82DB2DD3000BB2DCA /* FirebaseFirestore in Frameworks */,
			);
			runOnlyForDeploymentPostprocessing = 0;
		};
		8416E1D02DB2DB0400BB2DCA /* Frameworks */ = {
			isa = PBXFrameworksBuildPhase;
			buildActionMask = 2147483647;
			files = (
			);
			runOnlyForDeploymentPostprocessing = 0;
		};
		8416E1DA2DB2DB0500BB2DCA /* Frameworks */ = {
			isa = PBXFrameworksBuildPhase;
			buildActionMask = 2147483647;
			files = (
			);
			runOnlyForDeploymentPostprocessing = 0;
		};
/* End PBXFrameworksBuildPhase section */

/* Begin PBXGroup section */
		8416E1BC2DB2DB0300BB2DCA = {
			isa = PBXGroup;
			children = (
				845D63192DB3610600E138B7 /* hello.swift */,
				8416E1C72DB2DB0300BB2DCA /* workouttracker */,
				8416E1D62DB2DB0500BB2DCA /* workouttrackerTests */,
				8416E1E02DB2DB0500BB2DCA /* workouttrackerUITests */,
				8416E1C62DB2DB0300BB2DCA /* Products */,
			);
			sourceTree = "<group>";
		};
		8416E1C62DB2DB0300BB2DCA /* Products */ = {
			isa = PBXGroup;
			children = (
				8416E1C52DB2DB0300BB2DCA /* workouttracker.app */,
				8416E1D32DB2DB0500BB2DCA /* workouttrackerTests.xctest */,
				8416E1DD2DB2DB0500BB2DCA /* workouttrackerUITests.xctest */,
			);
			name = Products;
			sourceTree = "<group>";
		};
/* End PBXGroup section */

/* Begin PBXNativeTarget section */
		8416E1C42DB2DB0300BB2DCA /* workouttracker */ = {
			isa = PBXNativeTarget;
			buildConfigurationList = 8416E1E72DB2DB0500BB2DCA /* Build configuration list for PBXNativeTarget "workouttracker" */;
			buildPhases = (
				8416E1C12DB2DB0300BB2DCA /* Sources */,
				8416E1C22DB2DB0300BB2DCA /* Frameworks */,
				8416E1C32DB2DB0300BB2DCA /* Resources */,
			);
			buildRules = (
			);
			dependencies = (
			);
			fileSystemSynchronizedGroups = (
				8416E1C72DB2DB0300BB2DCA /* workouttracker */,
			);
			name = workouttracker;
			packageProductDependencies = (
				8416E1F32DB2DD3000BB2DCA /* FirebaseAnalytics */,
				8416E1F52DB2DD3000BB2DCA /* FirebaseAuth */,
				8416E1F72DB2DD3000BB2DCA /* FirebaseFirestore */,
				8416E1F92DB2DD3000BB2DCA /* FirebaseStorage */,
			);
			productName = workouttracker;
			productReference = 8416E1C52DB2DB0300BB2DCA /* workouttracker.app */;
			productType = "com.apple.product-type.application";
		};
		8416E1D22DB2DB0400BB2DCA /* workouttrackerTests */ = {
			isa = PBXNativeTarget;
			buildConfigurationList = 8416E1EA2DB2DB0500BB2DCA /* Build configuration list for PBXNativeTarget "workouttrackerTests" */;
			buildPhases = (
				8416E1CF2DB2DB0400BB2DCA /* Sources */,
				8416E1D02DB2DB0400BB2DCA /* Frameworks */,
				8416E1D12DB2DB0400BB2DCA /* Resources */,
			);
			buildRules = (
			);
			dependencies = (
				8416E1D52DB2DB0500BB2DCA /* PBXTargetDependency */,
			);
			fileSystemSynchronizedGroups = (
				8416E1D62DB2DB0500BB2DCA /* workouttrackerTests */,
			);
			name = workouttrackerTests;
			packageProductDependencies = (
			);
			productName = workouttrackerTests;
			productReference = 8416E1D32DB2DB0500BB2DCA /* workouttrackerTests.xctest */;
			productType = "com.apple.product-type.bundle.unit-test";
		};
		8416E1DC2DB2DB0500BB2DCA /* workouttrackerUITests */ = {
			isa = PBXNativeTarget;
			buildConfigurationList = 8416E1ED2DB2DB0500BB2DCA /* Build configuration list for PBXNativeTarget "workouttrackerUITests" */;
			buildPhases = (
				8416E1D92DB2DB0500BB2DCA /* Sources */,
				8416E1DA2DB2DB0500BB2DCA /* Frameworks */,
				8416E1DB2DB2DB0500BB2DCA /* Resources */,
			);
			buildRules = (
			);
			dependencies = (
				8416E1DF2DB2DB0500BB2DCA /* PBXTargetDependency */,
			);
			fileSystemSynchronizedGroups = (
				8416E1E02DB2DB0500BB2DCA /* workouttrackerUITests */,
			);
			name = workouttrackerUITests;
			packageProductDependencies = (
			);
			productName = workouttrackerUITests;
			productReference = 8416E1DD2DB2DB0500BB2DCA /* workouttrackerUITests.xctest */;
			productType = "com.apple.product-type.bundle.ui-testing";
		};
/* End PBXNativeTarget section */

/* Begin PBXProject section */
		8416E1BD2DB2DB0300BB2DCA /* Project object */ = {
			isa = PBXProject;
			attributes = {
				BuildIndependentTargetsInParallel = 1;
				LastSwiftUpdateCheck = 1630;
				LastUpgradeCheck = 1630;
				TargetAttributes = {
					8416E1C42DB2DB0300BB2DCA = {
						CreatedOnToolsVersion = 16.3;
					};
					8416E1D22DB2DB0400BB2DCA = {
						CreatedOnToolsVersion = 16.3;
						TestTargetID = 8416E1C42DB2DB0300BB2DCA;
					};
					8416E1DC2DB2DB0500BB2DCA = {
						CreatedOnToolsVersion = 16.3;
						TestTargetID = 8416E1C42DB2DB0300BB2DCA;
					};
				};
			};
			buildConfigurationList = 8416E1C02DB2DB0300BB2DCA /* Build configuration list for PBXProject "workouttracker" */;
			developmentRegion = en;
			hasScannedForEncodings = 0;
			knownRegions = (
				en,
				Base,
			);
			mainGroup = 8416E1BC2DB2DB0300BB2DCA;
			minimizedProjectReferenceProxies = 1;
			packageReferences = (
				8416E1F22DB2DD3000BB2DCA /* XCRemoteSwiftPackageReference "firebase-ios-sdk" */,
			);
			preferredProjectObjectVersion = 77;
			productRefGroup = 8416E1C62DB2DB0300BB2DCA /* Products */;
			projectDirPath = "";
			projectRoot = "";
			targets = (
				8416E1C42DB2DB0300BB2DCA /* workouttracker */,
				8416E1D22DB2DB0400BB2DCA /* workouttrackerTests */,
				8416E1DC2DB2DB0500BB2DCA /* workouttrackerUITests */,
			);
		};
/* End PBXProject section */

/* Begin PBXResourcesBuildPhase section */
		8416E1C32DB2DB0300BB2DCA /* Resources */ = {
			isa = PBXResourcesBuildPhase;
			buildActionMask = 2147483647;
			files = (
			);
			runOnlyForDeploymentPostprocessing = 0;
		};
		8416E1D12DB2DB0400BB2DCA /* Resources */ = {
			isa = PBXResourcesBuildPhase;
			buildActionMask = 2147483647;
			files = (
			);
			runOnlyForDeploymentPostprocessing = 0;
		};
		8416E1DB2DB2DB0500BB2DCA /* Resources */ = {
			isa = PBXResourcesBuildPhase;
			buildActionMask = 2147483647;
			files = (
			);
			runOnlyForDeploymentPostprocessing = 0;
		};
/* End PBXResourcesBuildPhase section */

/* Begin PBXSourcesBuildPhase section */
		8416E1C12DB2DB0300BB2DCA /* Sources */ = {
			isa = PBXSourcesBuildPhase;
			buildActionMask = 2147483647;
			files = (
				845D631A2DB3610700E138B7 /* hello.swift in Sources */,
			);
			runOnlyForDeploymentPostprocessing = 0;
		};
		8416E1CF2DB2DB0400BB2DCA /* Sources */ = {
			isa = PBXSourcesBuildPhase;
			buildActionMask = 2147483647;
			files = (
			);
			runOnlyForDeploymentPostprocessing = 0;
		};
		8416E1D92DB2DB0500BB2DCA /* Sources */ = {
			isa = PBXSourcesBuildPhase;
			buildActionMask = 2147483647;
			files = (
			);
			runOnlyForDeploymentPostprocessing = 0;
		};
/* End PBXSourcesBuildPhase section */

/* Begin PBXTargetDependency section */
		8416E1D52DB2DB0500BB2DCA /* PBXTargetDependency */ = {
			isa = PBXTargetDependency;
			target = 8416E1C42DB2DB0300BB2DCA /* workouttracker */;
			targetProxy = 8416E1D42DB2DB0500BB2DCA /* PBXContainerItemProxy */;
		};
		8416E1DF2DB2DB0500BB2DCA /* PBXTargetDependency */ = {
			isa = PBXTargetDependency;
			target = 8416E1C42DB2DB0300BB2DCA /* workouttracker */;
			targetProxy = 8416E1DE2DB2DB0500BB2DCA /* PBXContainerItemProxy */;
		};
/* End PBXTargetDependency section */

/* Begin XCBuildConfiguration section */
		8416E1E52DB2DB0500BB2DCA /* Debug */ = {
			isa = XCBuildConfiguration;
			buildSettings = {
				ALWAYS_SEARCH_USER_PATHS = NO;
				ASSETCATALOG_COMPILER_GENERATE_SWIFT_ASSET_SYMBOL_EXTENSIONS = YES;
				CLANG_ANALYZER_NONNULL = YES;
				CLANG_ANALYZER_NUMBER_OBJECT_CONVERSION = YES_AGGRESSIVE;
				CLANG_CXX_LANGUAGE_STANDARD = "gnu++20";
				CLANG_ENABLE_MODULES = YES;
				CLANG_ENABLE_OBJC_ARC = YES;
				CLANG_ENABLE_OBJC_WEAK = YES;
				CLANG_WARN_BLOCK_CAPTURE_AUTORELEASING = YES;
				CLANG_WARN_BOOL_CONVERSION = YES;
				CLANG_WARN_COMMA = YES;
				CLANG_WARN_CONSTANT_CONVERSION = YES;
				CLANG_WARN_DEPRECATED_OBJC_IMPLEMENTATIONS = YES;
				CLANG_WARN_DIRECT_OBJC_ISA_USAGE = YES_ERROR;
				CLANG_WARN_DOCUMENTATION_COMMENTS = YES;
				CLANG_WARN_EMPTY_BODY = YES;
				CLANG_WARN_ENUM_CONVERSION = YES;
				CLANG_WARN_INFINITE_RECURSION = YES;
				CLANG_WARN_INT_CONVERSION = YES;
				CLANG_WARN_NON_LITERAL_NULL_CONVERSION = YES;
				CLANG_WARN_OBJC_IMPLICIT_RETAIN_SELF = YES;
				CLANG_WARN_OBJC_LITERAL_CONVERSION = YES;
				CLANG_WARN_OBJC_ROOT_CLASS = YES_ERROR;
				CLANG_WARN_QUOTED_INCLUDE_IN_FRAMEWORK_HEADER = YES;
				CLANG_WARN_RANGE_LOOP_ANALYSIS = YES;
				CLANG_WARN_STRICT_PROTOTYPES = YES;
				CLANG_WARN_SUSPICIOUS_MOVE = YES;
				CLANG_WARN_UNGUARDED_AVAILABILITY = YES_AGGRESSIVE;
				CLANG_WARN_UNREACHABLE_CODE = YES;
				CLANG_WARN__DUPLICATE_METHOD_MATCH = YES;
				COPY_PHASE_STRIP = NO;
				DEBUG_INFORMATION_FORMAT = dwarf;
				ENABLE_STRICT_OBJC_MSGSEND = YES;
				ENABLE_TESTABILITY = YES;
				ENABLE_USER_SCRIPT_SANDBOXING = YES;
				GCC_C_LANGUAGE_STANDARD = gnu17;
				GCC_DYNAMIC_NO_PIC = NO;
				GCC_NO_COMMON_BLOCKS = YES;
				GCC_OPTIMIZATION_LEVEL = 0;
				GCC_PREPROCESSOR_DEFINITIONS = (
					"DEBUG=1",
					"$(inherited)",
				);
				GCC_WARN_64_TO_32_BIT_CONVERSION = YES;
				GCC_WARN_ABOUT_RETURN_TYPE = YES_ERROR;
				GCC_WARN_UNDECLARED_SELECTOR = YES;
				GCC_WARN_UNINITIALIZED_AUTOS = YES_AGGRESSIVE;
				GCC_WARN_UNUSED_FUNCTION = YES;
				GCC_WARN_UNUSED_VARIABLE = YES;
				LOCALIZATION_PREFERS_STRING_CATALOGS = YES;
				MTL_ENABLE_DEBUG_INFO = INCLUDE_SOURCE;
				MTL_FAST_MATH = YES;
				ONLY_ACTIVE_ARCH = YES;
				SWIFT_ACTIVE_COMPILATION_CONDITIONS = "DEBUG $(inherited)";
				SWIFT_OPTIMIZATION_LEVEL = "-Onone";
			};
			name = Debug;
		};
		8416E1E62DB2DB0500BB2DCA /* Release */ = {
			isa = XCBuildConfiguration;
			buildSettings = {
				ALWAYS_SEARCH_USER_PATHS = NO;
				ASSETCATALOG_COMPILER_GENERATE_SWIFT_ASSET_SYMBOL_EXTENSIONS = YES;
				CLANG_ANALYZER_NONNULL = YES;
				CLANG_ANALYZER_NUMBER_OBJECT_CONVERSION = YES_AGGRESSIVE;
				CLANG_CXX_LANGUAGE_STANDARD = "gnu++20";
				CLANG_ENABLE_MODULES = YES;
				CLANG_ENABLE_OBJC_ARC = YES;
				CLANG_ENABLE_OBJC_WEAK = YES;
				CLANG_WARN_BLOCK_CAPTURE_AUTORELEASING = YES;
				CLANG_WARN_BOOL_CONVERSION = YES;
				CLANG_WARN_COMMA = YES;
				CLANG_WARN_CONSTANT_CONVERSION = YES;
				CLANG_WARN_DEPRECATED_OBJC_IMPLEMENTATIONS = YES;
				CLANG_WARN_DIRECT_OBJC_ISA_USAGE = YES_ERROR;
				CLANG_WARN_DOCUMENTATION_COMMENTS = YES;
				CLANG_WARN_EMPTY_BODY = YES;
				CLANG_WARN_ENUM_CONVERSION = YES;
				CLANG_WARN_INFINITE_RECURSION = YES;
				CLANG_WARN_INT_CONVERSION = YES;
				CLANG_WARN_NON_LITERAL_NULL_CONVERSION = YES;
				CLANG_WARN_OBJC_IMPLICIT_RETAIN_SELF = YES;
				CLANG_WARN_OBJC_LITERAL_CONVERSION = YES;
				CLANG_WARN_OBJC_ROOT_CLASS = YES_ERROR;
				CLANG_WARN_QUOTED_INCLUDE_IN_FRAMEWORK_HEADER = YES;
				CLANG_WARN_RANGE_LOOP_ANALYSIS = YES;
				CLANG_WARN_STRICT_PROTOTYPES = YES;
				CLANG_WARN_SUSPICIOUS_MOVE = YES;
				CLANG_WARN_UNGUARDED_AVAILABILITY = YES_AGGRESSIVE;
				CLANG_WARN_UNREACHABLE_CODE = YES;
				CLANG_WARN__DUPLICATE_METHOD_MATCH = YES;
				COPY_PHASE_STRIP = NO;
				DEBUG_INFORMATION_FORMAT = "dwarf-with-dsym";
				ENABLE_NS_ASSERTIONS = NO;
				ENABLE_STRICT_OBJC_MSGSEND = YES;
				ENABLE_USER_SCRIPT_SANDBOXING = YES;
				GCC_C_LANGUAGE_STANDARD = gnu17;
				GCC_NO_COMMON_BLOCKS = YES;
				GCC_WARN_64_TO_32_BIT_CONVERSION = YES;
				GCC_WARN_ABOUT_RETURN_TYPE = YES_ERROR;
				GCC_WARN_UNDECLARED_SELECTOR = YES;
				GCC_WARN_UNINITIALIZED_AUTOS = YES_AGGRESSIVE;
				GCC_WARN_UNUSED_FUNCTION = YES;
				GCC_WARN_UNUSED_VARIABLE = YES;
				LOCALIZATION_PREFERS_STRING_CATALOGS = YES;
				MTL_ENABLE_DEBUG_INFO = NO;
				MTL_FAST_MATH = YES;
				SWIFT_COMPILATION_MODE = wholemodule;
			};
			name = Release;
		};
		8416E1E82DB2DB0500BB2DCA /* Debug */ = {
			isa = XCBuildConfiguration;
			buildSettings = {
				ASSETCATALOG_COMPILER_APPICON_NAME = AppIcon;
				ASSETCATALOG_COMPILER_GLOBAL_ACCENT_COLOR_NAME = AccentColor;
				CODE_SIGN_ENTITLEMENTS = workouttracker/workouttracker.entitlements;
				CODE_SIGN_STYLE = Automatic;
				CURRENT_PROJECT_VERSION = 1;
				ENABLE_PREVIEWS = YES;
				GENERATE_INFOPLIST_FILE = YES;
				"INFOPLIST_KEY_UIApplicationSceneManifest_Generation[sdk=iphoneos*]" = YES;
				"INFOPLIST_KEY_UIApplicationSceneManifest_Generation[sdk=iphonesimulator*]" = YES;
				"INFOPLIST_KEY_UIApplicationSupportsIndirectInputEvents[sdk=iphoneos*]" = YES;
				"INFOPLIST_KEY_UIApplicationSupportsIndirectInputEvents[sdk=iphonesimulator*]" = YES;
				"INFOPLIST_KEY_UILaunchScreen_Generation[sdk=iphoneos*]" = YES;
				"INFOPLIST_KEY_UILaunchScreen_Generation[sdk=iphonesimulator*]" = YES;
				"INFOPLIST_KEY_UIStatusBarStyle[sdk=iphoneos*]" = UIStatusBarStyleDefault;
				"INFOPLIST_KEY_UIStatusBarStyle[sdk=iphonesimulator*]" = UIStatusBarStyleDefault;
				INFOPLIST_KEY_UISupportedInterfaceOrientations_iPad = "UIInterfaceOrientationPortrait UIInterfaceOrientationPortraitUpsideDown UIInterfaceOrientationLandscapeLeft UIInterfaceOrientationLandscapeRight";
				INFOPLIST_KEY_UISupportedInterfaceOrientations_iPhone = "UIInterfaceOrientationPortrait UIInterfaceOrientationLandscapeLeft UIInterfaceOrientationLandscapeRight";
				IPHONEOS_DEPLOYMENT_TARGET = 18.4;
				LD_RUNPATH_SEARCH_PATHS = "@executable_path/Frameworks";
				"LD_RUNPATH_SEARCH_PATHS[sdk=macosx*]" = "@executable_path/../Frameworks";
				MACOSX_DEPLOYMENT_TARGET = 15.4;
				MARKETING_VERSION = 1.0;
				PRODUCT_BUNDLE_IDENTIFIER = com.ironworld.workouttracker;
				PRODUCT_NAME = "$(TARGET_NAME)";
				REGISTER_APP_GROUPS = YES;
				SDKROOT = auto;
				SUPPORTED_PLATFORMS = "iphoneos iphonesimulator macosx xros xrsimulator";
				SWIFT_EMIT_LOC_STRINGS = YES;
				SWIFT_VERSION = 5.0;
				TARGETED_DEVICE_FAMILY = "1,2,7";
				XROS_DEPLOYMENT_TARGET = 2.4;
			};
			name = Debug;
		};
		8416E1E92DB2DB0500BB2DCA /* Release */ = {
			isa = XCBuildConfiguration;
			buildSettings = {
				ASSETCATALOG_COMPILER_APPICON_NAME = AppIcon;
				ASSETCATALOG_COMPILER_GLOBAL_ACCENT_COLOR_NAME = AccentColor;
				CODE_SIGN_ENTITLEMENTS = workouttracker/workouttracker.entitlements;
				CODE_SIGN_STYLE = Automatic;
				CURRENT_PROJECT_VERSION = 1;
				ENABLE_PREVIEWS = YES;
				GENERATE_INFOPLIST_FILE = YES;
				"INFOPLIST_KEY_UIApplicationSceneManifest_Generation[sdk=iphoneos*]" = YES;
				"INFOPLIST_KEY_UIApplicationSceneManifest_Generation[sdk=iphonesimulator*]" = YES;
				"INFOPLIST_KEY_UIApplicationSupportsIndirectInputEvents[sdk=iphoneos*]" = YES;
				"INFOPLIST_KEY_UIApplicationSupportsIndirectInputEvents[sdk=iphonesimulator*]" = YES;
				"INFOPLIST_KEY_UILaunchScreen_Generation[sdk=iphoneos*]" = YES;
				"INFOPLIST_KEY_UILaunchScreen_Generation[sdk=iphonesimulator*]" = YES;
				"INFOPLIST_KEY_UIStatusBarStyle[sdk=iphoneos*]" = UIStatusBarStyleDefault;
				"INFOPLIST_KEY_UIStatusBarStyle[sdk=iphonesimulator*]" = UIStatusBarStyleDefault;
				INFOPLIST_KEY_UISupportedInterfaceOrientations_iPad = "UIInterfaceOrientationPortrait UIInterfaceOrientationPortraitUpsideDown UIInterfaceOrientationLandscapeLeft UIInterfaceOrientationLandscapeRight";
				INFOPLIST_KEY_UISupportedInterfaceOrientations_iPhone = "UIInterfaceOrientationPortrait UIInterfaceOrientationLandscapeLeft UIInterfaceOrientationLandscapeRight";
				IPHONEOS_DEPLOYMENT_TARGET = 18.4;
				LD_RUNPATH_SEARCH_PATHS = "@executable_path/Frameworks";
				"LD_RUNPATH_SEARCH_PATHS[sdk=macosx*]" = "@executable_path/../Frameworks";
				MACOSX_DEPLOYMENT_TARGET = 15.4;
				MARKETING_VERSION = 1.0;
				PRODUCT_BUNDLE_IDENTIFIER = com.ironworld.workouttracker;
				PRODUCT_NAME = "$(TARGET_NAME)";
				REGISTER_APP_GROUPS = YES;
				SDKROOT = auto;
				SUPPORTED_PLATFORMS = "iphoneos iphonesimulator macosx xros xrsimulator";
				SWIFT_EMIT_LOC_STRINGS = YES;
				SWIFT_VERSION = 5.0;
				TARGETED_DEVICE_FAMILY = "1,2,7";
				XROS_DEPLOYMENT_TARGET = 2.4;
			};
			name = Release;
		};
		8416E1EB2DB2DB0500BB2DCA /* Debug */ = {
			isa = XCBuildConfiguration;
			buildSettings = {
				BUNDLE_LOADER = "$(TEST_HOST)";
				CODE_SIGN_STYLE = Automatic;
				CURRENT_PROJECT_VERSION = 1;
				GENERATE_INFOPLIST_FILE = YES;
				IPHONEOS_DEPLOYMENT_TARGET = 18.4;
				MACOSX_DEPLOYMENT_TARGET = 15.4;
				MARKETING_VERSION = 1.0;
				PRODUCT_BUNDLE_IDENTIFIER = com.ironworld.workouttrackerTests;
				PRODUCT_NAME = "$(TARGET_NAME)";
				SDKROOT = auto;
				SUPPORTED_PLATFORMS = "iphoneos iphonesimulator macosx xros xrsimulator";
				SWIFT_EMIT_LOC_STRINGS = NO;
				SWIFT_VERSION = 5.0;
				TARGETED_DEVICE_FAMILY = "1,2,7";
				TEST_HOST = "$(BUILT_PRODUCTS_DIR)/workouttracker.app/$(BUNDLE_EXECUTABLE_FOLDER_PATH)/workouttracker";
				XROS_DEPLOYMENT_TARGET = 2.4;
			};
			name = Debug;
		};
		8416E1EC2DB2DB0500BB2DCA /* Release */ = {
			isa = XCBuildConfiguration;
			buildSettings = {
				BUNDLE_LOADER = "$(TEST_HOST)";
				CODE_SIGN_STYLE = Automatic;
				CURRENT_PROJECT_VERSION = 1;
				GENERATE_INFOPLIST_FILE = YES;
				IPHONEOS_DEPLOYMENT_TARGET = 18.4;
				MACOSX_DEPLOYMENT_TARGET = 15.4;
				MARKETING_VERSION = 1.0;
				PRODUCT_BUNDLE_IDENTIFIER = com.ironworld.workouttrackerTests;
				PRODUCT_NAME = "$(TARGET_NAME)";
				SDKROOT = auto;
				SUPPORTED_PLATFORMS = "iphoneos iphonesimulator macosx xros xrsimulator";
				SWIFT_EMIT_LOC_STRINGS = NO;
				SWIFT_VERSION = 5.0;
				TARGETED_DEVICE_FAMILY = "1,2,7";
				TEST_HOST = "$(BUILT_PRODUCTS_DIR)/workouttracker.app/$(BUNDLE_EXECUTABLE_FOLDER_PATH)/workouttracker";
				XROS_DEPLOYMENT_TARGET = 2.4;
			};
			name = Release;
		};
		8416E1EE2DB2DB0500BB2DCA /* Debug */ = {
			isa = XCBuildConfiguration;
			buildSettings = {
				CODE_SIGN_STYLE = Automatic;
				CURRENT_PROJECT_VERSION = 1;
				GENERATE_INFOPLIST_FILE = YES;
				IPHONEOS_DEPLOYMENT_TARGET = 18.4;
				MACOSX_DEPLOYMENT_TARGET = 15.4;
				MARKETING_VERSION = 1.0;
				PRODUCT_BUNDLE_IDENTIFIER = com.ironworld.workouttrackerUITests;
				PRODUCT_NAME = "$(TARGET_NAME)";
				SDKROOT = auto;
				SUPPORTED_PLATFORMS = "iphoneos iphonesimulator macosx xros xrsimulator";
				SWIFT_EMIT_LOC_STRINGS = NO;
				SWIFT_VERSION = 5.0;
				TARGETED_DEVICE_FAMILY = "1,2,7";
				TEST_TARGET_NAME = workouttracker;
				XROS_DEPLOYMENT_TARGET = 2.4;
			};
			name = Debug;
		};
		8416E1EF2DB2DB0500BB2DCA /* Release */ = {
			isa = XCBuildConfiguration;
			buildSettings = {
				CODE_SIGN_STYLE = Automatic;
				CURRENT_PROJECT_VERSION = 1;
				GENERATE_INFOPLIST_FILE = YES;
				IPHONEOS_DEPLOYMENT_TARGET = 18.4;
				MACOSX_DEPLOYMENT_TARGET = 15.4;
				MARKETING_VERSION = 1.0;
				PRODUCT_BUNDLE_IDENTIFIER = com.ironworld.workouttrackerUITests;
				PRODUCT_NAME = "$(TARGET_NAME)";
				SDKROOT = auto;
				SUPPORTED_PLATFORMS = "iphoneos iphonesimulator macosx xros xrsimulator";
				SWIFT_EMIT_LOC_STRINGS = NO;
				SWIFT_VERSION = 5.0;
				TARGETED_DEVICE_FAMILY = "1,2,7";
				TEST_TARGET_NAME = workouttracker;
				XROS_DEPLOYMENT_TARGET = 2.4;
			};
			name = Release;
		};
/* End XCBuildConfiguration section */

/* Begin XCConfigurationList section */
		8416E1C02DB2DB0300BB2DCA /* Build configuration list for PBXProject "workouttracker" */ = {
			isa = XCConfigurationList;
			buildConfigurations = (
				8416E1E52DB2DB0500BB2DCA /* Debug */,
				8416E1E62DB2DB0500BB2DCA /* Release */,
			);
			defaultConfigurationIsVisible = 0;
			defaultConfigurationName = Release;
		};
		8416E1E72DB2DB0500BB2DCA /* Build configuration list for PBXNativeTarget "workouttracker" */ = {
			isa = XCConfigurationList;
			buildConfigurations = (
				8416E1E82DB2DB0500BB2DCA /* Debug */,
				8416E1E92DB2DB0500BB2DCA /* Release */,
			);
			defaultConfigurationIsVisible = 0;
			defaultConfigurationName = Release;
		};
		8416E1EA2DB2DB0500BB2DCA /* Build configuration list for PBXNativeTarget "workouttrackerTests" */ = {
			isa = XCConfigurationList;
			buildConfigurations = (
				8416E1EB2DB2DB0500BB2DCA /* Debug */,
				8416E1EC2DB2DB0500BB2DCA /* Release */,
			);
			defaultConfigurationIsVisible = 0;
			defaultConfigurationName = Release;
		};
		8416E1ED2DB2DB0500BB2DCA /* Build configuration list for PBXNativeTarget "workouttrackerUITests" */ = {
			isa = XCConfigurationList;
			buildConfigurations = (
				8416E1EE2DB2DB0500BB2DCA /* Debug */,
				8416E1EF2DB2DB0500BB2DCA /* Release */,
			);
			defaultConfigurationIsVisible = 0;
			defaultConfigurationName = Release;
		};
/* End XCConfigurationList section */

/* Begin XCRemoteSwiftPackageReference section */
		8416E1F22DB2DD3000BB2DCA /* XCRemoteSwiftPackageReference "firebase-ios-sdk" */ = {
			isa = XCRemoteSwiftPackageReference;
			repositoryURL = "https://github.com/firebase/firebase-ios-sdk";
			requirement = {
				kind = upToNextMajorVersion;
				minimumVersion = 11.11.0;
			};
		};
/* End XCRemoteSwiftPackageReference section */

/* Begin XCSwiftPackageProductDependency section */
		8416E1F32DB2DD3000BB2DCA /* FirebaseAnalytics */ = {
			isa = XCSwiftPackageProductDependency;
			package = 8416E1F22DB2DD3000BB2DCA /* XCRemoteSwiftPackageReference "firebase-ios-sdk" */;
			productName = FirebaseAnalytics;
		};
		8416E1F52DB2DD3000BB2DCA /* FirebaseAuth */ = {
			isa = XCSwiftPackageProductDependency;
			package = 8416E1F22DB2DD3000BB2DCA /* XCRemoteSwiftPackageReference "firebase-ios-sdk" */;
			productName = FirebaseAuth;
		};
		8416E1F72DB2DD3000BB2DCA /* FirebaseFirestore */ = {
			isa = XCSwiftPackageProductDependency;
			package = 8416E1F22DB2DD3000BB2DCA /* XCRemoteSwiftPackageReference "firebase-ios-sdk" */;
			productName = FirebaseFirestore;
		};
		8416E1F92DB2DD3000BB2DCA /* FirebaseStorage */ = {
			isa = XCSwiftPackageProductDependency;
			package = 8416E1F22DB2DD3000BB2DCA /* XCRemoteSwiftPackageReference "firebase-ios-sdk" */;
			productName = FirebaseStorage;
		};
/* End XCSwiftPackageProductDependency section */
	};
	rootObject = 8416E1BD2DB2DB0300BB2DCA /* Project object */;
}
